// !$*UTF8*$!
{
	archiveVersion = 1;
	classes = {
	};
	objectVersion = 56;
	objects = {

/* Begin PBXBuildFile section */
		520C6C1B28BA7FED000DC237 /* DateExtensions.swift in Sources */ = {isa = PBXBuildFile; fileRef = 520C6C1A28BA7FED000DC237 /* DateExtensions.swift */; };
		520C6C1E28BA8010000DC237 /* CalendarViewModel.swift in Sources */ = {isa = PBXBuildFile; fileRef = 520C6C1D28BA8010000DC237 /* CalendarViewModel.swift */; };
		520C6C2128BA8039000DC237 /* CalendarModel.swift in Sources */ = {isa = PBXBuildFile; fileRef = 520C6C2028BA8039000DC237 /* CalendarModel.swift */; };
		520C6C2328BA8048000DC237 /* DayModel.swift in Sources */ = {isa = PBXBuildFile; fileRef = 520C6C2228BA8048000DC237 /* DayModel.swift */; };
		520C6C2728BA896E000DC237 /* TasksView.swift in Sources */ = {isa = PBXBuildFile; fileRef = 520C6C2628BA896E000DC237 /* TasksView.swift */; };
		520C6C2928BAB4F6000DC237 /* User.swift in Sources */ = {isa = PBXBuildFile; fileRef = 520C6C2828BAB4F6000DC237 /* User.swift */; };
		522DE05B28D64425001CB165 /* AddTaskView.swift in Sources */ = {isa = PBXBuildFile; fileRef = 522DE05A28D64425001CB165 /* AddTaskView.swift */; };
		5247CDC528BABE6400EAF249 /* TasksViewModel.swift in Sources */ = {isa = PBXBuildFile; fileRef = 5247CDC428BABE6400EAF249 /* TasksViewModel.swift */; };
		525D03A028B3F42A00B7ACDB /* UIColorExtension.swift in Sources */ = {isa = PBXBuildFile; fileRef = 525D039F28B3F42A00B7ACDB /* UIColorExtension.swift */; };
		52B19B9928BBE7260047B983 /* CodableColorExtension.swift in Sources */ = {isa = PBXBuildFile; fileRef = 52B19B9828BBE7260047B983 /* CodableColorExtension.swift */; };
		52D7819F2905A44B006B893E /* SimpleTaskView.swift in Sources */ = {isa = PBXBuildFile; fileRef = 52D7819E2905A44B006B893E /* SimpleTaskView.swift */; };
		52D781A22905A4B9006B893E /* CalendarDaySubview.swift in Sources */ = {isa = PBXBuildFile; fileRef = 52D781A12905A4B9006B893E /* CalendarDaySubview.swift */; };
		52D781A42905A4D2006B893E /* MainView.swift in Sources */ = {isa = PBXBuildFile; fileRef = 52D781A32905A4D2006B893E /* MainView.swift */; };
		52F49D9028B29FE800BEED67 /* PlanerApp.swift in Sources */ = {isa = PBXBuildFile; fileRef = 52F49D8F28B29FE800BEED67 /* PlanerApp.swift */; };
		52F49D9228B29FE800BEED67 /* CalendarView.swift in Sources */ = {isa = PBXBuildFile; fileRef = 52F49D9128B29FE800BEED67 /* CalendarView.swift */; };
		52F49D9428B29FE900BEED67 /* Assets.xcassets in Resources */ = {isa = PBXBuildFile; fileRef = 52F49D9328B29FE900BEED67 /* Assets.xcassets */; };
		52F49D9728B29FE900BEED67 /* Preview Assets.xcassets in Resources */ = {isa = PBXBuildFile; fileRef = 52F49D9628B29FE900BEED67 /* Preview Assets.xcassets */; };
/* End PBXBuildFile section */

/* Begin PBXFileReference section */
		520C6C1A28BA7FED000DC237 /* DateExtensions.swift */ = {isa = PBXFileReference; lastKnownFileType = sourcecode.swift; path = DateExtensions.swift; sourceTree = "<group>"; };
		520C6C1D28BA8010000DC237 /* CalendarViewModel.swift */ = {isa = PBXFileReference; lastKnownFileType = sourcecode.swift; path = CalendarViewModel.swift; sourceTree = "<group>"; };
		520C6C2028BA8039000DC237 /* CalendarModel.swift */ = {isa = PBXFileReference; lastKnownFileType = sourcecode.swift; path = CalendarModel.swift; sourceTree = "<group>"; };
		520C6C2228BA8048000DC237 /* DayModel.swift */ = {isa = PBXFileReference; lastKnownFileType = sourcecode.swift; path = DayModel.swift; sourceTree = "<group>"; };
		520C6C2628BA896E000DC237 /* TasksView.swift */ = {isa = PBXFileReference; lastKnownFileType = sourcecode.swift; path = TasksView.swift; sourceTree = "<group>"; };
		520C6C2828BAB4F6000DC237 /* User.swift */ = {isa = PBXFileReference; lastKnownFileType = sourcecode.swift; path = User.swift; sourceTree = "<group>"; };
		522DE05A28D64425001CB165 /* AddTaskView.swift */ = {isa = PBXFileReference; lastKnownFileType = sourcecode.swift; path = AddTaskView.swift; sourceTree = "<group>"; };
		5247CDC428BABE6400EAF249 /* TasksViewModel.swift */ = {isa = PBXFileReference; lastKnownFileType = sourcecode.swift; path = TasksViewModel.swift; sourceTree = "<group>"; };
		525D039F28B3F42A00B7ACDB /* UIColorExtension.swift */ = {isa = PBXFileReference; lastKnownFileType = sourcecode.swift; path = UIColorExtension.swift; sourceTree = "<group>"; };
		52B19B9828BBE7260047B983 /* CodableColorExtension.swift */ = {isa = PBXFileReference; fileEncoding = 4; lastKnownFileType = sourcecode.swift; path = CodableColorExtension.swift; sourceTree = "<group>"; };
		52D7819E2905A44B006B893E /* SimpleTaskView.swift */ = {isa = PBXFileReference; lastKnownFileType = sourcecode.swift; path = SimpleTaskView.swift; sourceTree = "<group>"; };
		52D781A12905A4B9006B893E /* CalendarDaySubview.swift */ = {isa = PBXFileReference; lastKnownFileType = sourcecode.swift; path = CalendarDaySubview.swift; sourceTree = "<group>"; };
		52D781A32905A4D2006B893E /* MainView.swift */ = {isa = PBXFileReference; lastKnownFileType = sourcecode.swift; path = MainView.swift; sourceTree = "<group>"; };
		52F49D8C28B29FE800BEED67 /* Planer.app */ = {isa = PBXFileReference; explicitFileType = wrapper.application; includeInIndex = 0; path = Planer.app; sourceTree = BUILT_PRODUCTS_DIR; };
		52F49D8F28B29FE800BEED67 /* PlanerApp.swift */ = {isa = PBXFileReference; lastKnownFileType = sourcecode.swift; path = PlanerApp.swift; sourceTree = "<group>"; };
		52F49D9128B29FE800BEED67 /* CalendarView.swift */ = {isa = PBXFileReference; lastKnownFileType = sourcecode.swift; path = CalendarView.swift; sourceTree = "<group>"; };
		52F49D9328B29FE900BEED67 /* Assets.xcassets */ = {isa = PBXFileReference; lastKnownFileType = folder.assetcatalog; path = Assets.xcassets; sourceTree = "<group>"; };
		52F49D9628B29FE900BEED67 /* Preview Assets.xcassets */ = {isa = PBXFileReference; lastKnownFileType = folder.assetcatalog; path = "Preview Assets.xcassets"; sourceTree = "<group>"; };
/* End PBXFileReference section */

/* Begin PBXFrameworksBuildPhase section */
		52F49D8928B29FE700BEED67 /* Frameworks */ = {
			isa = PBXFrameworksBuildPhase;
			buildActionMask = 2147483647;
			files = (
			);
			runOnlyForDeploymentPostprocessing = 0;
		};
/* End PBXFrameworksBuildPhase section */

/* Begin PBXGroup section */
		520C6C1928BA7FD6000DC237 /* Utils */ = {
			isa = PBXGroup;
			children = (
				52B19B9828BBE7260047B983 /* CodableColorExtension.swift */,
				520C6C1A28BA7FED000DC237 /* DateExtensions.swift */,
				525D039F28B3F42A00B7ACDB /* UIColorExtension.swift */,
			);
			path = Utils;
			sourceTree = "<group>";
		};
		520C6C1F28BA8029000DC237 /* Models */ = {
			isa = PBXGroup;
			children = (
				520C6C2028BA8039000DC237 /* CalendarModel.swift */,
				520C6C2228BA8048000DC237 /* DayModel.swift */,
				520C6C2828BAB4F6000DC237 /* User.swift */,
			);
			path = Models;
			sourceTree = "<group>";
		};
		520C6C2428BA806E000DC237 /* Views */ = {
			isa = PBXGroup;
			children = (
				52D781A02905A496006B893E /* CalendarView */,
				52D7819D2905A424006B893E /* TaskView */,
				52D781A32905A4D2006B893E /* MainView.swift */,
			);
			path = Views;
			sourceTree = "<group>";
		};
		520C6C2528BA807B000DC237 /* ViewModels */ = {
			isa = PBXGroup;
			children = (
				520C6C1D28BA8010000DC237 /* CalendarViewModel.swift */,
				5247CDC428BABE6400EAF249 /* TasksViewModel.swift */,
			);
			path = ViewModels;
			sourceTree = "<group>";
		};
		52D7819D2905A424006B893E /* TaskView */ = {
			isa = PBXGroup;
			children = (
				520C6C2628BA896E000DC237 /* TasksView.swift */,
				52D7819E2905A44B006B893E /* SimpleTaskView.swift */,
				522DE05A28D64425001CB165 /* AddTaskView.swift */,
			);
			path = TaskView;
			sourceTree = "<group>";
		};
		52D781A02905A496006B893E /* CalendarView */ = {
			isa = PBXGroup;
			children = (
				52F49D9128B29FE800BEED67 /* CalendarView.swift */,
				52D781A12905A4B9006B893E /* CalendarDaySubview.swift */,
			);
			path = CalendarView;
			sourceTree = "<group>";
		};
		52F49D8328B29FE700BEED67 = {
			isa = PBXGroup;
			children = (
				52F49D8E28B29FE800BEED67 /* Planer */,
				52F49D8D28B29FE800BEED67 /* Products */,
			);
			sourceTree = "<group>";
		};
		52F49D8D28B29FE800BEED67 /* Products */ = {
			isa = PBXGroup;
			children = (
				52F49D8C28B29FE800BEED67 /* Planer.app */,
			);
			name = Products;
			sourceTree = "<group>";
		};
		52F49D8E28B29FE800BEED67 /* Planer */ = {
			isa = PBXGroup;
			children = (
				52F49D8F28B29FE800BEED67 /* PlanerApp.swift */,
				520C6C1F28BA8029000DC237 /* Models */,
				520C6C2528BA807B000DC237 /* ViewModels */,
				520C6C2428BA806E000DC237 /* Views */,
				520C6C1928BA7FD6000DC237 /* Utils */,
				52F49D9328B29FE900BEED67 /* Assets.xcassets */,
				52F49D9528B29FE900BEED67 /* Preview Content */,
			);
			path = Planer;
			sourceTree = "<group>";
		};
		52F49D9528B29FE900BEED67 /* Preview Content */ = {
			isa = PBXGroup;
			children = (
				52F49D9628B29FE900BEED67 /* Preview Assets.xcassets */,
			);
			path = "Preview Content";
			sourceTree = "<group>";
		};
/* End PBXGroup section */

/* Begin PBXNativeTarget section */
		52F49D8B28B29FE700BEED67 /* Planer */ = {
			isa = PBXNativeTarget;
			buildConfigurationList = 52F49D9A28B29FE900BEED67 /* Build configuration list for PBXNativeTarget "Planer" */;
			buildPhases = (
				52F49D8828B29FE700BEED67 /* Sources */,
				52F49D8928B29FE700BEED67 /* Frameworks */,
				52F49D8A28B29FE700BEED67 /* Resources */,
			);
			buildRules = (
			);
			dependencies = (
			);
			name = Planer;
			productName = Planer;
			productReference = 52F49D8C28B29FE800BEED67 /* Planer.app */;
			productType = "com.apple.product-type.application";
		};
/* End PBXNativeTarget section */

/* Begin PBXProject section */
		52F49D8428B29FE700BEED67 /* Project object */ = {
			isa = PBXProject;
			attributes = {
				BuildIndependentTargetsInParallel = 1;
				LastSwiftUpdateCheck = 1400;
				LastUpgradeCheck = 1400;
				TargetAttributes = {
					52F49D8B28B29FE700BEED67 = {
						CreatedOnToolsVersion = 14.0;
					};
				};
			};
			buildConfigurationList = 52F49D8728B29FE700BEED67 /* Build configuration list for PBXProject "Planer" */;
			compatibilityVersion = "Xcode 14.0";
			developmentRegion = en;
			hasScannedForEncodings = 0;
			knownRegions = (
				en,
				Base,
			);
			mainGroup = 52F49D8328B29FE700BEED67;
			productRefGroup = 52F49D8D28B29FE800BEED67 /* Products */;
			projectDirPath = "";
			projectRoot = "";
			targets = (
				52F49D8B28B29FE700BEED67 /* Planer */,
			);
		};
/* End PBXProject section */

/* Begin PBXResourcesBuildPhase section */
		52F49D8A28B29FE700BEED67 /* Resources */ = {
			isa = PBXResourcesBuildPhase;
			buildActionMask = 2147483647;
			files = (
				52F49D9728B29FE900BEED67 /* Preview Assets.xcassets in Resources */,
				52F49D9428B29FE900BEED67 /* Assets.xcassets in Resources */,
			);
			runOnlyForDeploymentPostprocessing = 0;
		};
/* End PBXResourcesBuildPhase section */

/* Begin PBXSourcesBuildPhase section */
		52F49D8828B29FE700BEED67 /* Sources */ = {
			isa = PBXSourcesBuildPhase;
			buildActionMask = 2147483647;
			files = (
				525D03A028B3F42A00B7ACDB /* UIColorExtension.swift in Sources */,
				520C6C2128BA8039000DC237 /* CalendarModel.swift in Sources */,
				52D781A22905A4B9006B893E /* CalendarDaySubview.swift in Sources */,
				520C6C2328BA8048000DC237 /* DayModel.swift in Sources */,
				522DE05B28D64425001CB165 /* AddTaskView.swift in Sources */,
				52D7819F2905A44B006B893E /* SimpleTaskView.swift in Sources */,
				520C6C2728BA896E000DC237 /* TasksView.swift in Sources */,
				520C6C1B28BA7FED000DC237 /* DateExtensions.swift in Sources */,
				520C6C2928BAB4F6000DC237 /* User.swift in Sources */,
				52B19B9928BBE7260047B983 /* CodableColorExtension.swift in Sources */,
				52F49D9228B29FE800BEED67 /* CalendarView.swift in Sources */,
				52F49D9028B29FE800BEED67 /* PlanerApp.swift in Sources */,
				520C6C1E28BA8010000DC237 /* CalendarViewModel.swift in Sources */,
				52D781A42905A4D2006B893E /* MainView.swift in Sources */,
				5247CDC528BABE6400EAF249 /* TasksViewModel.swift in Sources */,
			);
			runOnlyForDeploymentPostprocessing = 0;
		};
/* End PBXSourcesBuildPhase section */

/* Begin XCBuildConfiguration section */
		52F49D9828B29FE900BEED67 /* Debug */ = {
			isa = XCBuildConfiguration;
			buildSettings = {
				ALWAYS_SEARCH_USER_PATHS = NO;
				CLANG_ANALYZER_NONNULL = YES;
				CLANG_ANALYZER_NUMBER_OBJECT_CONVERSION = YES_AGGRESSIVE;
				CLANG_CXX_LANGUAGE_STANDARD = "gnu++20";
				CLANG_ENABLE_MODULES = YES;
				CLANG_ENABLE_OBJC_ARC = YES;
				CLANG_ENABLE_OBJC_WEAK = YES;
				CLANG_WARN_BLOCK_CAPTURE_AUTORELEASING = YES;
				CLANG_WARN_BOOL_CONVERSION = YES;
				CLANG_WARN_COMMA = YES;
				CLANG_WARN_CONSTANT_CONVERSION = YES;
				CLANG_WARN_DEPRECATED_OBJC_IMPLEMENTATIONS = YES;
				CLANG_WARN_DIRECT_OBJC_ISA_USAGE = YES_ERROR;
				CLANG_WARN_DOCUMENTATION_COMMENTS = YES;
				CLANG_WARN_EMPTY_BODY = YES;
				CLANG_WARN_ENUM_CONVERSION = YES;
				CLANG_WARN_INFINITE_RECURSION = YES;
				CLANG_WARN_INT_CONVERSION = YES;
				CLANG_WARN_NON_LITERAL_NULL_CONVERSION = YES;
				CLANG_WARN_OBJC_IMPLICIT_RETAIN_SELF = YES;
				CLANG_WARN_OBJC_LITERAL_CONVERSION = YES;
				CLANG_WARN_OBJC_ROOT_CLASS = YES_ERROR;
				CLANG_WARN_QUOTED_INCLUDE_IN_FRAMEWORK_HEADER = YES;
				CLANG_WARN_RANGE_LOOP_ANALYSIS = YES;
				CLANG_WARN_STRICT_PROTOTYPES = YES;
				CLANG_WARN_SUSPICIOUS_MOVE = YES;
				CLANG_WARN_UNGUARDED_AVAILABILITY = YES_AGGRESSIVE;
				CLANG_WARN_UNREACHABLE_CODE = YES;
				CLANG_WARN__DUPLICATE_METHOD_MATCH = YES;
				COPY_PHASE_STRIP = NO;
				DEBUG_INFORMATION_FORMAT = dwarf;
				ENABLE_STRICT_OBJC_MSGSEND = YES;
				ENABLE_TESTABILITY = YES;
				GCC_C_LANGUAGE_STANDARD = gnu11;
				GCC_DYNAMIC_NO_PIC = NO;
				GCC_NO_COMMON_BLOCKS = YES;
				GCC_OPTIMIZATION_LEVEL = 0;
				GCC_PREPROCESSOR_DEFINITIONS = (
					"DEBUG=1",
					"$(inherited)",
				);
				GCC_WARN_64_TO_32_BIT_CONVERSION = YES;
				GCC_WARN_ABOUT_RETURN_TYPE = YES_ERROR;
				GCC_WARN_UNDECLARED_SELECTOR = YES;
				GCC_WARN_UNINITIALIZED_AUTOS = YES_AGGRESSIVE;
				GCC_WARN_UNUSED_FUNCTION = YES;
				GCC_WARN_UNUSED_VARIABLE = YES;
				IPHONEOS_DEPLOYMENT_TARGET = 16.0;
				MTL_ENABLE_DEBUG_INFO = INCLUDE_SOURCE;
				MTL_FAST_MATH = YES;
				ONLY_ACTIVE_ARCH = YES;
				SDKROOT = iphoneos;
				SWIFT_ACTIVE_COMPILATION_CONDITIONS = DEBUG;
				SWIFT_OPTIMIZATION_LEVEL = "-Onone";
			};
			name = Debug;
		};
		52F49D9928B29FE900BEED67 /* Release */ = {
			isa = XCBuildConfiguration;
			buildSettings = {
				ALWAYS_SEARCH_USER_PATHS = NO;
				CLANG_ANALYZER_NONNULL = YES;
				CLANG_ANALYZER_NUMBER_OBJECT_CONVERSION = YES_AGGRESSIVE;
				CLANG_CXX_LANGUAGE_STANDARD = "gnu++20";
				CLANG_ENABLE_MODULES = YES;
				CLANG_ENABLE_OBJC_ARC = YES;
				CLANG_ENABLE_OBJC_WEAK = YES;
				CLANG_WARN_BLOCK_CAPTURE_AUTORELEASING = YES;
				CLANG_WARN_BOOL_CONVERSION = YES;
				CLANG_WARN_COMMA = YES;
				CLANG_WARN_CONSTANT_CONVERSION = YES;
				CLANG_WARN_DEPRECATED_OBJC_IMPLEMENTATIONS = YES;
				CLANG_WARN_DIRECT_OBJC_ISA_USAGE = YES_ERROR;
				CLANG_WARN_DOCUMENTATION_COMMENTS = YES;
				CLANG_WARN_EMPTY_BODY = YES;
				CLANG_WARN_ENUM_CONVERSION = YES;
				CLANG_WARN_INFINITE_RECURSION = YES;
				CLANG_WARN_INT_CONVERSION = YES;
				CLANG_WARN_NON_LITERAL_NULL_CONVERSION = YES;
				CLANG_WARN_OBJC_IMPLICIT_RETAIN_SELF = YES;
				CLANG_WARN_OBJC_LITERAL_CONVERSION = YES;
				CLANG_WARN_OBJC_ROOT_CLASS = YES_ERROR;
				CLANG_WARN_QUOTED_INCLUDE_IN_FRAMEWORK_HEADER = YES;
				CLANG_WARN_RANGE_LOOP_ANALYSIS = YES;
				CLANG_WARN_STRICT_PROTOTYPES = YES;
				CLANG_WARN_SUSPICIOUS_MOVE = YES;
				CLANG_WARN_UNGUARDED_AVAILABILITY = YES_AGGRESSIVE;
				CLANG_WARN_UNREACHABLE_CODE = YES;
				CLANG_WARN__DUPLICATE_METHOD_MATCH = YES;
				COPY_PHASE_STRIP = NO;
				DEBUG_INFORMATION_FORMAT = "dwarf-with-dsym";
				ENABLE_NS_ASSERTIONS = NO;
				ENABLE_STRICT_OBJC_MSGSEND = YES;
				GCC_C_LANGUAGE_STANDARD = gnu11;
				GCC_NO_COMMON_BLOCKS = YES;
				GCC_WARN_64_TO_32_BIT_CONVERSION = YES;
				GCC_WARN_ABOUT_RETURN_TYPE = YES_ERROR;
				GCC_WARN_UNDECLARED_SELECTOR = YES;
				GCC_WARN_UNINITIALIZED_AUTOS = YES_AGGRESSIVE;
				GCC_WARN_UNUSED_FUNCTION = YES;
				GCC_WARN_UNUSED_VARIABLE = YES;
				IPHONEOS_DEPLOYMENT_TARGET = 16.0;
				MTL_ENABLE_DEBUG_INFO = NO;
				MTL_FAST_MATH = YES;
				SDKROOT = iphoneos;
				SWIFT_COMPILATION_MODE = wholemodule;
				SWIFT_OPTIMIZATION_LEVEL = "-O";
				VALIDATE_PRODUCT = YES;
			};
			name = Release;
		};
		52F49D9B28B29FE900BEED67 /* Debug */ = {
			isa = XCBuildConfiguration;
			buildSettings = {
				ASSETCATALOG_COMPILER_APPICON_NAME = AppIcon;
				ASSETCATALOG_COMPILER_GLOBAL_ACCENT_COLOR_NAME = AccentColor;
				CODE_SIGN_STYLE = Automatic;
				CURRENT_PROJECT_VERSION = 1;
				DEVELOPMENT_ASSET_PATHS = "\"Planer/Preview Content\"";
				DEVELOPMENT_TEAM = U7P37PRGMT;
				ENABLE_PREVIEWS = YES;
				GENERATE_INFOPLIST_FILE = YES;
				INFOPLIST_KEY_UIApplicationSceneManifest_Generation = YES;
				INFOPLIST_KEY_UIApplicationSupportsIndirectInputEvents = YES;
				INFOPLIST_KEY_UILaunchScreen_Generation = YES;
				INFOPLIST_KEY_UISupportedInterfaceOrientations_iPad = "UIInterfaceOrientationPortrait UIInterfaceOrientationPortraitUpsideDown UIInterfaceOrientationLandscapeLeft UIInterfaceOrientationLandscapeRight";
				INFOPLIST_KEY_UISupportedInterfaceOrientations_iPhone = "UIInterfaceOrientationPortrait UIInterfaceOrientationLandscapeLeft UIInterfaceOrientationLandscapeRight";
				IPHONEOS_DEPLOYMENT_TARGET = 16.0;
				LD_RUNPATH_SEARCH_PATHS = (
					"$(inherited)",
					"@executable_path/Frameworks",
				);
				MARKETING_VERSION = 1.0;
				PRODUCT_BUNDLE_IDENTIFIER = "Maciej-Lipiec.Planer";
				PRODUCT_NAME = "$(TARGET_NAME)";
				SWIFT_EMIT_LOC_STRINGS = YES;
				SWIFT_VERSION = 5.0;
				TARGETED_DEVICE_FAMILY = "1,2";
			};
			name = Debug;
		};
		52F49D9C28B29FE900BEED67 /* Release */ = {
			isa = XCBuildConfiguration;
			buildSettings = {
				ASSETCATALOG_COMPILER_APPICON_NAME = AppIcon;
				ASSETCATALOG_COMPILER_GLOBAL_ACCENT_COLOR_NAME = AccentColor;
				CODE_SIGN_STYLE = Automatic;
				CURRENT_PROJECT_VERSION = 1;
				DEVELOPMENT_ASSET_PATHS = "\"Planer/Preview Content\"";
				DEVELOPMENT_TEAM = U7P37PRGMT;
				ENABLE_PREVIEWS = YES;
				GENERATE_INFOPLIST_FILE = YES;
				INFOPLIST_KEY_UIApplicationSceneManifest_Generation = YES;
				INFOPLIST_KEY_UIApplicationSupportsIndirectInputEvents = YES;
				INFOPLIST_KEY_UILaunchScreen_Generation = YES;
				INFOPLIST_KEY_UISupportedInterfaceOrientations_iPad = "UIInterfaceOrientationPortrait UIInterfaceOrientationPortraitUpsideDown UIInterfaceOrientationLandscapeLeft UIInterfaceOrientationLandscapeRight";
				INFOPLIST_KEY_UISupportedInterfaceOrientations_iPhone = "UIInterfaceOrientationPortrait UIInterfaceOrientationLandscapeLeft UIInterfaceOrientationLandscapeRight";
				IPHONEOS_DEPLOYMENT_TARGET = 16.0;
				LD_RUNPATH_SEARCH_PATHS = (
					"$(inherited)",
					"@executable_path/Frameworks",
				);
				MARKETING_VERSION = 1.0;
				PRODUCT_BUNDLE_IDENTIFIER = "Maciej-Lipiec.Planer";
				PRODUCT_NAME = "$(TARGET_NAME)";
				SWIFT_EMIT_LOC_STRINGS = YES;
				SWIFT_VERSION = 5.0;
				TARGETED_DEVICE_FAMILY = "1,2";
			};
			name = Release;
		};
/* End XCBuildConfiguration section */

/* Begin XCConfigurationList section */
		52F49D8728B29FE700BEED67 /* Build configuration list for PBXProject "Planer" */ = {
			isa = XCConfigurationList;
			buildConfigurations = (
				52F49D9828B29FE900BEED67 /* Debug */,
				52F49D9928B29FE900BEED67 /* Release */,
			);
			defaultConfigurationIsVisible = 0;
			defaultConfigurationName = Release;
		};
		52F49D9A28B29FE900BEED67 /* Build configuration list for PBXNativeTarget "Planer" */ = {
			isa = XCConfigurationList;
			buildConfigurations = (
				52F49D9B28B29FE900BEED67 /* Debug */,
				52F49D9C28B29FE900BEED67 /* Release */,
			);
			defaultConfigurationIsVisible = 0;
			defaultConfigurationName = Release;
		};
/* End XCConfigurationList section */
	};
	rootObject = 52F49D8428B29FE700BEED67 /* Project object */;
}
